{
  "version": 4,
  "terraform_version": "1.9.8",
  "serial": 4,
  "lineage": "9c25bcb8-d9a6-c87b-4a5c-2f1da9588ec0",
  "outputs": {
    "backend_config": {
      "value": {
        "bucket": "my-cloudinfra-state-bucket-2025",
        "dynamodb_table": "cloudinfra-lock-table",
        "region": "us-west-2"
      },
      "type": [
        "object",
        {
          "bucket": "string",
          "dynamodb_table": "string",
          "region": "string"
        }
      ]
    },
    "dynamodb_table_name": {
      "value": "cloudinfra-lock-table",
      "type": "string"
    },
    "state_bucket_arn": {
      "value": "arn:aws:s3:::my-cloudinfra-state-bucket-2025",
      "type": "string"
    },
    "state_bucket_name": {
      "value": "my-cloudinfra-state-bucket-2025",
      "type": "string"
    }
  },
  "resources": [
    {
      "mode": "managed",
      "type": "aws_dynamodb_table",
      "name": "terraform_locks",
      "provider": "provider[\"registry.terraform.io/hashicorp/aws\"]",
      "instances": [
        {
          "schema_version": 1,
          "attributes": {
            "arn": "arn:aws:dynamodb:us-west-2:435455014411:table/cloudinfra-lock-table",
            "attribute": [
              {
                "name": "LockID",
                "type": "S"
              }
            ],
            "billing_mode": "PAY_PER_REQUEST",
            "deletion_protection_enabled": false,
            "global_secondary_index": [],
            "hash_key": "LockID",
            "id": "cloudinfra-lock-table",
            "import_table": [],
            "local_secondary_index": [],
            "name": "cloudinfra-lock-table",
            "on_demand_throughput": [],
            "point_in_time_recovery": [
              {
                "enabled": false,
                "recovery_period_in_days": 0
              }
            ],
            "range_key": null,
            "read_capacity": 0,
            "region": "us-west-2",
            "replica": [],
            "restore_date_time": null,
            "restore_source_name": null,
            "restore_source_table_arn": null,
            "restore_to_latest_time": null,
            "server_side_encryption": [],
            "stream_arn": "",
            "stream_enabled": false,
            "stream_label": "",
            "stream_view_type": "",
            "table_class": "STANDARD",
            "tags": {
              "ManagedBy": "Terraform",
              "Name": "Terraform State Lock Table",
              "Purpose": "State locking"
            },
            "tags_all": {
              "ManagedBy": "Terraform",
              "Name": "Terraform State Lock Table",
              "Purpose": "State locking"
            },
            "timeouts": null,
            "ttl": [
              {
                "attribute_name": "",
                "enabled": false
              }
            ],
            "warm_throughput": [],
            "write_capacity": 0
          },
          "sensitive_attributes": [],
          "private": "eyJlMmJmYjczMC1lY2FhLTExZTYtOGY4OC0zNDM2M2JjN2M0YzAiOnsiY3JlYXRlIjoxODAwMDAwMDAwMDAwLCJkZWxldGUiOjYwMDAwMDAwMDAwMCwidXBkYXRlIjozNjAwMDAwMDAwMDAwfSwic2NoZW1hX3ZlcnNpb24iOiIxIn0="
        }
      ]
    },
    {
      "mode": "managed",
      "type": "aws_s3_bucket",
      "name": "terraform_state",
      "provider": "provider[\"registry.terraform.io/hashicorp/aws\"]",
      "instances": [
        {
          "schema_version": 0,
          "attributes": {
            "acceleration_status": "",
            "acl": null,
            "arn": "arn:aws:s3:::my-cloudinfra-state-bucket-2025",
            "bucket": "my-cloudinfra-state-bucket-2025",
            "bucket_domain_name": "my-cloudinfra-state-bucket-2025.s3.amazonaws.com",
            "bucket_prefix": "",
            "bucket_region": "us-west-2",
            "bucket_regional_domain_name": "my-cloudinfra-state-bucket-2025.s3.us-west-2.amazonaws.com",
            "cors_rule": [],
            "force_destroy": false,
            "grant": [
              {
                "id": "f5a6050b97cfa39ba6ed54294c27e6d0b5da72cdba7d59259b58f1e5e69d3722",
                "permissions": [
                  "FULL_CONTROL"
                ],
                "type": "CanonicalUser",
                "uri": ""
              }
            ],
            "hosted_zone_id": "Z3BJ6K6RIION7M",
            "id": "my-cloudinfra-state-bucket-2025",
            "lifecycle_rule": [],
            "logging": [],
            "object_lock_configuration": [],
            "object_lock_enabled": false,
            "policy": "",
            "region": "us-west-2",
            "replication_configuration": [],
            "request_payer": "BucketOwner",
            "server_side_encryption_configuration": [
              {
                "rule": [
                  {
                    "apply_server_side_encryption_by_default": [
                      {
                        "kms_master_key_id": "",
                        "sse_algorithm": "AES256"
                      }
                    ],
                    "bucket_key_enabled": false
                  }
                ]
              }
            ],
            "tags": {
              "ManagedBy": "Terraform",
              "Name": "Terraform State Bucket",
              "Purpose": "Remote state storage"
            },
            "tags_all": {
              "ManagedBy": "Terraform",
              "Name": "Terraform State Bucket",
              "Purpose": "Remote state storage"
            },
            "timeouts": null,
            "versioning": [
              {
                "enabled": false,
                "mfa_delete": false
              }
            ],
            "website": [],
            "website_domain": null,
            "website_endpoint": null
          },
          "sensitive_attributes": [],
          "private": "eyJlMmJmYjczMC1lY2FhLTExZTYtOGY4OC0zNDM2M2JjN2M0YzAiOnsiY3JlYXRlIjoxMjAwMDAwMDAwMDAwLCJkZWxldGUiOjM2MDAwMDAwMDAwMDAsInJlYWQiOjEyMDAwMDAwMDAwMDAsInVwZGF0ZSI6MTIwMDAwMDAwMDAwMH19"
        }
      ]
    },
    {
      "mode": "managed",
      "type": "aws_s3_bucket_versioning",
      "name": "terraform_state",
      "provider": "provider[\"registry.terraform.io/hashicorp/aws\"]",
      "instances": [
        {
          "schema_version": 0,
          "attributes": {
            "bucket": "my-cloudinfra-state-bucket-2025",
            "expected_bucket_owner": "",
            "id": "my-cloudinfra-state-bucket-2025",
            "mfa": null,
            "region": "us-west-2",
            "versioning_configuration": [
              {
                "mfa_delete": "",
                "status": "Enabled"
              }
            ]
          },
          "sensitive_attributes": [],
          "private": "bnVsbA==",
          "dependencies": [
            "aws_s3_bucket.terraform_state"
          ]
        }
      ]
    }
  ],
  "check_results": null
}
